// !$*UTF8*$!
{
	archiveVersion = 1;
	classes = {
	};
	objectVersion = 56;
	objects = {

/* Begin PBXBuildFile section */
		3A2F9C4C2A417AB100F7D7A6 /* AppDelegate.swift in Sources */ = {isa = PBXBuildFile; fileRef = 3A2F9C4B2A417AB100F7D7A6 /* AppDelegate.swift */; };
		3A2F9C4E2A417AB200F7D7A6 /* SceneDelegate.swift in Sources */ = {isa = PBXBuildFile; fileRef = 3A2F9C4D2A417AB200F7D7A6 /* SceneDelegate.swift */; };
		3A2F9C502A417AB200F7D7A6 /* TabBarController.swift in Sources */ = {isa = PBXBuildFile; fileRef = 3A2F9C4F2A417AB200F7D7A6 /* TabBarController.swift */; };
		3A2F9C552A417AB400F7D7A6 /* Assets.xcassets in Resources */ = {isa = PBXBuildFile; fileRef = 3A2F9C542A417AB400F7D7A6 /* Assets.xcassets */; };
		3A2F9C582A417AB400F7D7A6 /* LaunchScreen.storyboard in Resources */ = {isa = PBXBuildFile; fileRef = 3A2F9C562A417AB400F7D7A6 /* LaunchScreen.storyboard */; };
		3A2F9C602A417DB900F7D7A6 /* MainViewController.swift in Sources */ = {isa = PBXBuildFile; fileRef = 3A2F9C5F2A417DB900F7D7A6 /* MainViewController.swift */; };
		3A2F9C622A417F7D00F7D7A6 /* SportViewController.swift in Sources */ = {isa = PBXBuildFile; fileRef = 3A2F9C612A417F7D00F7D7A6 /* SportViewController.swift */; };
		3A2F9C642A417F8300F7D7A6 /* SettingsViewController.swift in Sources */ = {isa = PBXBuildFile; fileRef = 3A2F9C632A417F8300F7D7A6 /* SettingsViewController.swift */; };
		3A2F9C672A4199DF00F7D7A6 /* UIColorExtension.swift in Sources */ = {isa = PBXBuildFile; fileRef = 3A2F9C662A4199DF00F7D7A6 /* UIColorExtension.swift */; };
		3A2F9C6B2A41CB8E00F7D7A6 /* APICaller.swift in Sources */ = {isa = PBXBuildFile; fileRef = 3A2F9C6A2A41CB8E00F7D7A6 /* APICaller.swift */; };
		3A2F9C6D2A41D75500F7D7A6 /* MainNewsTableViewCell.swift in Sources */ = {isa = PBXBuildFile; fileRef = 3A2F9C6C2A41D75500F7D7A6 /* MainNewsTableViewCell.swift */; };
		3AE812F82A4468C100918B0E /* SportNewsTableViewCell.swift in Sources */ = {isa = PBXBuildFile; fileRef = 3AE812F72A4468C100918B0E /* SportNewsTableViewCell.swift */; };
		3AE812FA2A446B6B00918B0E /* Model.swift in Sources */ = {isa = PBXBuildFile; fileRef = 3AE812F92A446B6B00918B0E /* Model.swift */; };
/* End PBXBuildFile section */

/* Begin PBXFileReference section */
		3A2F9C482A417AB100F7D7A6 /* NewsApp.app */ = {isa = PBXFileReference; explicitFileType = wrapper.application; includeInIndex = 0; path = NewsApp.app; sourceTree = BUILT_PRODUCTS_DIR; };
		3A2F9C4B2A417AB100F7D7A6 /* AppDelegate.swift */ = {isa = PBXFileReference; lastKnownFileType = sourcecode.swift; path = AppDelegate.swift; sourceTree = "<group>"; };
		3A2F9C4D2A417AB200F7D7A6 /* SceneDelegate.swift */ = {isa = PBXFileReference; lastKnownFileType = sourcecode.swift; path = SceneDelegate.swift; sourceTree = "<group>"; };
		3A2F9C4F2A417AB200F7D7A6 /* TabBarController.swift */ = {isa = PBXFileReference; lastKnownFileType = sourcecode.swift; path = TabBarController.swift; sourceTree = "<group>"; };
		3A2F9C542A417AB400F7D7A6 /* Assets.xcassets */ = {isa = PBXFileReference; lastKnownFileType = folder.assetcatalog; path = Assets.xcassets; sourceTree = "<group>"; };
		3A2F9C572A417AB400F7D7A6 /* Base */ = {isa = PBXFileReference; lastKnownFileType = file.storyboard; name = Base; path = Base.lproj/LaunchScreen.storyboard; sourceTree = "<group>"; };
		3A2F9C592A417AB400F7D7A6 /* Info.plist */ = {isa = PBXFileReference; lastKnownFileType = text.plist.xml; path = Info.plist; sourceTree = "<group>"; };
		3A2F9C5F2A417DB900F7D7A6 /* MainViewController.swift */ = {isa = PBXFileReference; lastKnownFileType = sourcecode.swift; path = MainViewController.swift; sourceTree = "<group>"; };
		3A2F9C612A417F7D00F7D7A6 /* SportViewController.swift */ = {isa = PBXFileReference; lastKnownFileType = sourcecode.swift; path = SportViewController.swift; sourceTree = "<group>"; };
		3A2F9C632A417F8300F7D7A6 /* SettingsViewController.swift */ = {isa = PBXFileReference; lastKnownFileType = sourcecode.swift; path = SettingsViewController.swift; sourceTree = "<group>"; };
		3A2F9C662A4199DF00F7D7A6 /* UIColorExtension.swift */ = {isa = PBXFileReference; lastKnownFileType = sourcecode.swift; path = UIColorExtension.swift; sourceTree = "<group>"; };
		3A2F9C6A2A41CB8E00F7D7A6 /* APICaller.swift */ = {isa = PBXFileReference; lastKnownFileType = sourcecode.swift; path = APICaller.swift; sourceTree = "<group>"; };
		3A2F9C6C2A41D75500F7D7A6 /* MainNewsTableViewCell.swift */ = {isa = PBXFileReference; lastKnownFileType = sourcecode.swift; path = MainNewsTableViewCell.swift; sourceTree = "<group>"; };
		3AE812F72A4468C100918B0E /* SportNewsTableViewCell.swift */ = {isa = PBXFileReference; lastKnownFileType = sourcecode.swift; path = SportNewsTableViewCell.swift; sourceTree = "<group>"; };
		3AE812F92A446B6B00918B0E /* Model.swift */ = {isa = PBXFileReference; lastKnownFileType = sourcecode.swift; path = Model.swift; sourceTree = "<group>"; };
/* End PBXFileReference section */

/* Begin PBXFrameworksBuildPhase section */
		3A2F9C452A417AB100F7D7A6 /* Frameworks */ = {
			isa = PBXFrameworksBuildPhase;
			buildActionMask = 2147483647;
			files = (
			);
			runOnlyForDeploymentPostprocessing = 0;
		};
/* End PBXFrameworksBuildPhase section */

/* Begin PBXGroup section */
		3A2F9C3F2A417AB100F7D7A6 = {
			isa = PBXGroup;
			children = (
				3A2F9C4A2A417AB100F7D7A6 /* NewsApp */,
				3A2F9C492A417AB100F7D7A6 /* Products */,
			);
			sourceTree = "<group>";
		};
		3A2F9C492A417AB100F7D7A6 /* Products */ = {
			isa = PBXGroup;
			children = (
				3A2F9C482A417AB100F7D7A6 /* NewsApp.app */,
			);
			name = Products;
			sourceTree = "<group>";
		};
		3A2F9C4A2A417AB100F7D7A6 /* NewsApp */ = {
			isa = PBXGroup;
			children = (
				3AE812F02A445F1D00918B0E /* Network */,
				3AE812F22A445F5300918B0E /* Extension */,
				3AE812F32A445F7C00918B0E /* Navigation */,
				3AE812F42A445F9100918B0E /* Cells */,
				3A2F9C652A417F9000F7D7A6 /* Controllers */,
				3A2F9C542A417AB400F7D7A6 /* Assets.xcassets */,
				3A2F9C562A417AB400F7D7A6 /* LaunchScreen.storyboard */,
				3A2F9C592A417AB400F7D7A6 /* Info.plist */,
			);
			path = NewsApp;
			sourceTree = "<group>";
		};
		3A2F9C652A417F9000F7D7A6 /* Controllers */ = {
			isa = PBXGroup;
			children = (
				3A2F9C5F2A417DB900F7D7A6 /* MainViewController.swift */,
				3A2F9C612A417F7D00F7D7A6 /* SportViewController.swift */,
				3A2F9C632A417F8300F7D7A6 /* SettingsViewController.swift */,
				3AE812F12A445F3E00918B0E /* Other */,
			);
			path = Controllers;
			sourceTree = "<group>";
		};
		3AE812F02A445F1D00918B0E /* Network */ = {
			isa = PBXGroup;
			children = (
				3A2F9C6A2A41CB8E00F7D7A6 /* APICaller.swift */,
				3AE812F92A446B6B00918B0E /* Model.swift */,
			);
			path = Network;
			sourceTree = "<group>";
		};
		3AE812F12A445F3E00918B0E /* Other */ = {
			isa = PBXGroup;
			children = (
				3A2F9C4B2A417AB100F7D7A6 /* AppDelegate.swift */,
				3A2F9C4D2A417AB200F7D7A6 /* SceneDelegate.swift */,
			);
			path = Other;
			sourceTree = "<group>";
		};
		3AE812F22A445F5300918B0E /* Extension */ = {
			isa = PBXGroup;
			children = (
				3A2F9C662A4199DF00F7D7A6 /* UIColorExtension.swift */,
			);
			path = Extension;
			sourceTree = "<group>";
		};
		3AE812F32A445F7C00918B0E /* Navigation */ = {
			isa = PBXGroup;
			children = (
				3A2F9C4F2A417AB200F7D7A6 /* TabBarController.swift */,
			);
			path = Navigation;
			sourceTree = "<group>";
		};
		3AE812F42A445F9100918B0E /* Cells */ = {
			isa = PBXGroup;
			children = (
				3A2F9C6C2A41D75500F7D7A6 /* MainNewsTableViewCell.swift */,
				3AE812F72A4468C100918B0E /* SportNewsTableViewCell.swift */,
			);
			path = Cells;
			sourceTree = "<group>";
		};
/* End PBXGroup section */

/* Begin PBXNativeTarget section */
		3A2F9C472A417AB100F7D7A6 /* NewsApp */ = {
			isa = PBXNativeTarget;
			buildConfigurationList = 3A2F9C5C2A417AB400F7D7A6 /* Build configuration list for PBXNativeTarget "NewsApp" */;
			buildPhases = (
				3A2F9C442A417AB100F7D7A6 /* Sources */,
				3A2F9C452A417AB100F7D7A6 /* Frameworks */,
				3A2F9C462A417AB100F7D7A6 /* Resources */,
			);
			buildRules = (
			);
			dependencies = (
			);
			name = NewsApp;
			productName = NewsApp;
			productReference = 3A2F9C482A417AB100F7D7A6 /* NewsApp.app */;
			productType = "com.apple.product-type.application";
		};
/* End PBXNativeTarget section */

/* Begin PBXProject section */
		3A2F9C402A417AB100F7D7A6 /* Project object */ = {
			isa = PBXProject;
			attributes = {
				BuildIndependentTargetsInParallel = 1;
				LastSwiftUpdateCheck = 1430;
				LastUpgradeCheck = 1430;
				TargetAttributes = {
					3A2F9C472A417AB100F7D7A6 = {
						CreatedOnToolsVersion = 14.3;
					};
				};
			};
			buildConfigurationList = 3A2F9C432A417AB100F7D7A6 /* Build configuration list for PBXProject "NewsApp" */;
			compatibilityVersion = "Xcode 14.0";
			developmentRegion = en;
			hasScannedForEncodings = 0;
			knownRegions = (
				en,
				Base,
			);
			mainGroup = 3A2F9C3F2A417AB100F7D7A6;
			productRefGroup = 3A2F9C492A417AB100F7D7A6 /* Products */;
			projectDirPath = "";
			projectRoot = "";
			targets = (
				3A2F9C472A417AB100F7D7A6 /* NewsApp */,
			);
		};
/* End PBXProject section */

/* Begin PBXResourcesBuildPhase section */
		3A2F9C462A417AB100F7D7A6 /* Resources */ = {
			isa = PBXResourcesBuildPhase;
			buildActionMask = 2147483647;
			files = (
				3A2F9C582A417AB400F7D7A6 /* LaunchScreen.storyboard in Resources */,
				3A2F9C552A417AB400F7D7A6 /* Assets.xcassets in Resources */,
			);
			runOnlyForDeploymentPostprocessing = 0;
		};
/* End PBXResourcesBuildPhase section */

/* Begin PBXSourcesBuildPhase section */
		3A2F9C442A417AB100F7D7A6 /* Sources */ = {
			isa = PBXSourcesBuildPhase;
			buildActionMask = 2147483647;
			files = (
				3A2F9C502A417AB200F7D7A6 /* TabBarController.swift in Sources */,
				3A2F9C672A4199DF00F7D7A6 /* UIColorExtension.swift in Sources */,
				3A2F9C622A417F7D00F7D7A6 /* SportViewController.swift in Sources */,
				3A2F9C6D2A41D75500F7D7A6 /* MainNewsTableViewCell.swift in Sources */,
				3A2F9C4C2A417AB100F7D7A6 /* AppDelegate.swift in Sources */,
				3A2F9C4E2A417AB200F7D7A6 /* SceneDelegate.swift in Sources */,
				3A2F9C602A417DB900F7D7A6 /* MainViewController.swift in Sources */,
				3AE812F82A4468C100918B0E /* SportNewsTableViewCell.swift in Sources */,
				3AE812FA2A446B6B00918B0E /* Model.swift in Sources */,
				3A2F9C642A417F8300F7D7A6 /* SettingsViewController.swift in Sources */,
				3A2F9C6B2A41CB8E00F7D7A6 /* APICaller.swift in Sources */,
			);
			runOnlyForDeploymentPostprocessing = 0;
		};
/* End PBXSourcesBuildPhase section */

/* Begin PBXVariantGroup section */
		3A2F9C562A417AB400F7D7A6 /* LaunchScreen.storyboard */ = {
			isa = PBXVariantGroup;
			children = (
				3A2F9C572A417AB400F7D7A6 /* Base */,
			);
			name = LaunchScreen.storyboard;
			sourceTree = "<group>";
		};
/* End PBXVariantGroup section */

/* Begin XCBuildConfiguration section */
		3A2F9C5A2A417AB400F7D7A6 /* Debug */ = {
			isa = XCBuildConfiguration;
			buildSettings = {
				ALWAYS_SEARCH_USER_PATHS = NO;
				CLANG_ANALYZER_NONNULL = YES;
				CLANG_ANALYZER_NUMBER_OBJECT_CONVERSION = YES_AGGRESSIVE;
				CLANG_CXX_LANGUAGE_STANDARD = "gnu++20";
				CLANG_ENABLE_MODULES = YES;
				CLANG_ENABLE_OBJC_ARC = YES;
				CLANG_ENABLE_OBJC_WEAK = YES;
				CLANG_WARN_BLOCK_CAPTURE_AUTORELEASING = YES;
				CLANG_WARN_BOOL_CONVERSION = YES;
				CLANG_WARN_COMMA = YES;
				CLANG_WARN_CONSTANT_CONVERSION = YES;
				CLANG_WARN_DEPRECATED_OBJC_IMPLEMENTATIONS = YES;
				CLANG_WARN_DIRECT_OBJC_ISA_USAGE = YES_ERROR;
				CLANG_WARN_DOCUMENTATION_COMMENTS = YES;
				CLANG_WARN_EMPTY_BODY = YES;
				CLANG_WARN_ENUM_CONVERSION = YES;
				CLANG_WARN_INFINITE_RECURSION = YES;
				CLANG_WARN_INT_CONVERSION = YES;
				CLANG_WARN_NON_LITERAL_NULL_CONVERSION = YES;
				CLANG_WARN_OBJC_IMPLICIT_RETAIN_SELF = YES;
				CLANG_WARN_OBJC_LITERAL_CONVERSION = YES;
				CLANG_WARN_OBJC_ROOT_CLASS = YES_ERROR;
				CLANG_WARN_QUOTED_INCLUDE_IN_FRAMEWORK_HEADER = YES;
				CLANG_WARN_RANGE_LOOP_ANALYSIS = YES;
				CLANG_WARN_STRICT_PROTOTYPES = YES;
				CLANG_WARN_SUSPICIOUS_MOVE = YES;
				CLANG_WARN_UNGUARDED_AVAILABILITY = YES_AGGRESSIVE;
				CLANG_WARN_UNREACHABLE_CODE = YES;
				CLANG_WARN__DUPLICATE_METHOD_MATCH = YES;
				COPY_PHASE_STRIP = NO;
				DEBUG_INFORMATION_FORMAT = dwarf;
				ENABLE_STRICT_OBJC_MSGSEND = YES;
				ENABLE_TESTABILITY = YES;
				GCC_C_LANGUAGE_STANDARD = gnu11;
				GCC_DYNAMIC_NO_PIC = NO;
				GCC_NO_COMMON_BLOCKS = YES;
				GCC_OPTIMIZATION_LEVEL = 0;
				GCC_PREPROCESSOR_DEFINITIONS = (
					"DEBUG=1",
					"$(inherited)",
				);
				GCC_WARN_64_TO_32_BIT_CONVERSION = YES;
				GCC_WARN_ABOUT_RETURN_TYPE = YES_ERROR;
				GCC_WARN_UNDECLARED_SELECTOR = YES;
				GCC_WARN_UNINITIALIZED_AUTOS = YES_AGGRESSIVE;
				GCC_WARN_UNUSED_FUNCTION = YES;
				GCC_WARN_UNUSED_VARIABLE = YES;
				IPHONEOS_DEPLOYMENT_TARGET = 16.4;
				MTL_ENABLE_DEBUG_INFO = INCLUDE_SOURCE;
				MTL_FAST_MATH = YES;
				ONLY_ACTIVE_ARCH = YES;
				SDKROOT = iphoneos;
				SWIFT_ACTIVE_COMPILATION_CONDITIONS = DEBUG;
				SWIFT_OPTIMIZATION_LEVEL = "-Onone";
			};
			name = Debug;
		};
		3A2F9C5B2A417AB400F7D7A6 /* Release */ = {
			isa = XCBuildConfiguration;
			buildSettings = {
				ALWAYS_SEARCH_USER_PATHS = NO;
				CLANG_ANALYZER_NONNULL = YES;
				CLANG_ANALYZER_NUMBER_OBJECT_CONVERSION = YES_AGGRESSIVE;
				CLANG_CXX_LANGUAGE_STANDARD = "gnu++20";
				CLANG_ENABLE_MODULES = YES;
				CLANG_ENABLE_OBJC_ARC = YES;
				CLANG_ENABLE_OBJC_WEAK = YES;
				CLANG_WARN_BLOCK_CAPTURE_AUTORELEASING = YES;
				CLANG_WARN_BOOL_CONVERSION = YES;
				CLANG_WARN_COMMA = YES;
				CLANG_WARN_CONSTANT_CONVERSION = YES;
				CLANG_WARN_DEPRECATED_OBJC_IMPLEMENTATIONS = YES;
				CLANG_WARN_DIRECT_OBJC_ISA_USAGE = YES_ERROR;
				CLANG_WARN_DOCUMENTATION_COMMENTS = YES;
				CLANG_WARN_EMPTY_BODY = YES;
				CLANG_WARN_ENUM_CONVERSION = YES;
				CLANG_WARN_INFINITE_RECURSION = YES;
				CLANG_WARN_INT_CONVERSION = YES;
				CLANG_WARN_NON_LITERAL_NULL_CONVERSION = YES;
				CLANG_WARN_OBJC_IMPLICIT_RETAIN_SELF = YES;
				CLANG_WARN_OBJC_LITERAL_CONVERSION = YES;
				CLANG_WARN_OBJC_ROOT_CLASS = YES_ERROR;
				CLANG_WARN_QUOTED_INCLUDE_IN_FRAMEWORK_HEADER = YES;
				CLANG_WARN_RANGE_LOOP_ANALYSIS = YES;
				CLANG_WARN_STRICT_PROTOTYPES = YES;
				CLANG_WARN_SUSPICIOUS_MOVE = YES;
				CLANG_WARN_UNGUARDED_AVAILABILITY = YES_AGGRESSIVE;
				CLANG_WARN_UNREACHABLE_CODE = YES;
				CLANG_WARN__DUPLICATE_METHOD_MATCH = YES;
				COPY_PHASE_STRIP = NO;
				DEBUG_INFORMATION_FORMAT = "dwarf-with-dsym";
				ENABLE_NS_ASSERTIONS = NO;
				ENABLE_STRICT_OBJC_MSGSEND = YES;
				GCC_C_LANGUAGE_STANDARD = gnu11;
				GCC_NO_COMMON_BLOCKS = YES;
				GCC_WARN_64_TO_32_BIT_CONVERSION = YES;
				GCC_WARN_ABOUT_RETURN_TYPE = YES_ERROR;
				GCC_WARN_UNDECLARED_SELECTOR = YES;
				GCC_WARN_UNINITIALIZED_AUTOS = YES_AGGRESSIVE;
				GCC_WARN_UNUSED_FUNCTION = YES;
				GCC_WARN_UNUSED_VARIABLE = YES;
				IPHONEOS_DEPLOYMENT_TARGET = 16.4;
				MTL_ENABLE_DEBUG_INFO = NO;
				MTL_FAST_MATH = YES;
				SDKROOT = iphoneos;
				SWIFT_COMPILATION_MODE = wholemodule;
				SWIFT_OPTIMIZATION_LEVEL = "-O";
				VALIDATE_PRODUCT = YES;
			};
			name = Release;
		};
		3A2F9C5D2A417AB400F7D7A6 /* Debug */ = {
			isa = XCBuildConfiguration;
			buildSettings = {
				ASSETCATALOG_COMPILER_APPICON_NAME = AppIcon;
				ASSETCATALOG_COMPILER_GLOBAL_ACCENT_COLOR_NAME = AccentColor;
				CODE_SIGN_STYLE = Automatic;
				CURRENT_PROJECT_VERSION = 1;
				DEVELOPMENT_TEAM = CD2H8U7Z2G;
				GENERATE_INFOPLIST_FILE = YES;
				INFOPLIST_FILE = NewsApp/Info.plist;
				INFOPLIST_KEY_UIApplicationSupportsIndirectInputEvents = YES;
				INFOPLIST_KEY_UILaunchStoryboardName = LaunchScreen;
				INFOPLIST_KEY_UISupportedInterfaceOrientations = UIInterfaceOrientationPortrait;
				INFOPLIST_KEY_UISupportedInterfaceOrientations_iPad = "UIInterfaceOrientationLandscapeLeft UIInterfaceOrientationLandscapeRight UIInterfaceOrientationPortrait UIInterfaceOrientationPortraitUpsideDown";
				IPHONEOS_DEPLOYMENT_TARGET = 15.0;
				LD_RUNPATH_SEARCH_PATHS = (
					"$(inherited)",
					"@executable_path/Frameworks",
				);
				MARKETING_VERSION = 1.0;
				PRODUCT_BUNDLE_IDENTIFIER = "Anton-Kasian.NewsApp";
				PRODUCT_NAME = "$(TARGET_NAME)";
				SUPPORTED_PLATFORMS = "iphoneos iphonesimulator";
				SUPPORTS_MACCATALYST = NO;
				SUPPORTS_MAC_DESIGNED_FOR_IPHONE_IPAD = YES;
				SWIFT_EMIT_LOC_STRINGS = YES;
				SWIFT_VERSION = 5.0;
				TARGETED_DEVICE_FAMILY = 1;
			};
			name = Debug;
		};
		3A2F9C5E2A417AB400F7D7A6 /* Release */ = {
			isa = XCBuildConfiguration;
			buildSettings = {
				ASSETCATALOG_COMPILER_APPICON_NAME = AppIcon;
				ASSETCATALOG_COMPILER_GLOBAL_ACCENT_COLOR_NAME = AccentColor;
				CODE_SIGN_STYLE = Automatic;
				CURRENT_PROJECT_VERSION = 1;
				DEVELOPMENT_TEAM = CD2H8U7Z2G;
				GENERATE_INFOPLIST_FILE = YES;
				INFOPLIST_FILE = NewsApp/Info.plist;
				INFOPLIST_KEY_UIApplicationSupportsIndirectInputEvents = YES;
				INFOPLIST_KEY_UILaunchStoryboardName = LaunchScreen;
				INFOPLIST_KEY_UISupportedInterfaceOrientations = UIInterfaceOrientationPortrait;
				INFOPLIST_KEY_UISupportedInterfaceOrientations_iPad = "UIInterfaceOrientationLandscapeLeft UIInterfaceOrientationLandscapeRight UIInterfaceOrientationPortrait UIInterfaceOrientationPortraitUpsideDown";
				IPHONEOS_DEPLOYMENT_TARGET = 15.0;
				LD_RUNPATH_SEARCH_PATHS = (
					"$(inherited)",
					"@executable_path/Frameworks",
				);
				MARKETING_VERSION = 1.0;
				PRODUCT_BUNDLE_IDENTIFIER = "Anton-Kasian.NewsApp";
				PRODUCT_NAME = "$(TARGET_NAME)";
				SUPPORTED_PLATFORMS = "iphoneos iphonesimulator";
				SUPPORTS_MACCATALYST = NO;
				SUPPORTS_MAC_DESIGNED_FOR_IPHONE_IPAD = YES;
				SWIFT_EMIT_LOC_STRINGS = YES;
				SWIFT_VERSION = 5.0;
				TARGETED_DEVICE_FAMILY = 1;
			};
			name = Release;
		};
/* End XCBuildConfiguration section */

/* Begin XCConfigurationList section */
		3A2F9C432A417AB100F7D7A6 /* Build configuration list for PBXProject "NewsApp" */ = {
			isa = XCConfigurationList;
			buildConfigurations = (
				3A2F9C5A2A417AB400F7D7A6 /* Debug */,
				3A2F9C5B2A417AB400F7D7A6 /* Release */,
			);
			defaultConfigurationIsVisible = 0;
			defaultConfigurationName = Release;
		};
		3A2F9C5C2A417AB400F7D7A6 /* Build configuration list for PBXNativeTarget "NewsApp" */ = {
			isa = XCConfigurationList;
			buildConfigurations = (
				3A2F9C5D2A417AB400F7D7A6 /* Debug */,
				3A2F9C5E2A417AB400F7D7A6 /* Release */,
			);
			defaultConfigurationIsVisible = 0;
			defaultConfigurationName = Release;
		};
/* End XCConfigurationList section */
	};
	rootObject = 3A2F9C402A417AB100F7D7A6 /* Project object */;
}
